
Microsoft Visual Studio Solution File, Format Version 12.00
# Visual Studio Version 16
VisualStudioVersion = 16.0.30413.136
MinimumVisualStudioVersion = 10.0.40219.1
Project("{FAE04EC0-301F-11D3-BF4B-00C04F79EFBC}") = "DummyImageCreator", "DummyImageCreator\DummyImageCreator.csproj", "{56DCFC06-88F4-49F3-9D41-BC3046247450}"
EndProject
Global
	GlobalSection(SolutionConfigurationPlatforms) = preSolution
		Debug|Any CPU = Debug|Any CPU
		Debug|x64 = Debug|x64
		Release|Any CPU = Release|Any CPU
		Release|x64 = Release|x64
	EndGlobalSection
	GlobalSection(ProjectConfigurationPlatforms) = postSolution
		{56DCFC06-88F4-49F3-9D41-BC3046247450}.Debug|Any CPU.ActiveCfg = Debug|Any CPU
		{56DCFC06-88F4-49F3-9D41-BC3046247450}.Debug|Any CPU.Build.0 = Debug|Any CPU
		{56DCFC06-88F4-49F3-9D41-BC3046247450}.Debug|x64.ActiveCfg = Debug|x64
		{56DCFC06-88F4-49F3-9D41-BC3046247450}.Debug|x64.Build.0 = Debug|x64
		{56DCFC06-88F4-49F3-9D41-BC3046247450}.Release|Any CPU.ActiveCfg = Release|Any CPU
		{56DCFC06-88F4-49F3-9D41-BC3046247450}.Release|Any CPU.Build.0 = Release|Any CPU
		{56DCFC06-88F4-49F3-9D41-BC3046247450}.Release|x64.ActiveCfg = Release|x64
		{56DCFC06-88F4-49F3-9D41-BC3046247450}.Release|x64.Build.0 = Release|x64
	EndGlobalSection
	GlobalSection(SolutionProperties) = preSolution
		HideSolutionNode = FALSE
	EndGlobalSection
	GlobalSection(ExtensibilityGlobals) = postSolution
		SolutionGuid = {E75936CA-7269-4A99-AA15-DCB2AAF93C13}
	EndGlobalSection
EndGlobal
